{
    "_readme": [
        "This file locks the dependencies of your project to a known state",
        "Read more about it at https://getcomposer.org/doc/01-basic-usage.md#installing-dependencies",
        "This file is @generated automatically"
    ],
    "content-hash": "644fa48ea382f0891e3d6d28ff85da10",
    "packages": [
        {
            "name": "phpixie/database",
            "version": "3.11",
            "source": {
                "type": "git",
                "url": "https://github.com/PHPixie/Database.git",
                "reference": "212118ae039add6fca1b61aa52e9c50dd395d5ca"
            },
            "dist": {
                "type": "zip",
                "url": "https://api.github.com/repos/PHPixie/Database/zipball/212118ae039add6fca1b61aa52e9c50dd395d5ca",
                "reference": "212118ae039add6fca1b61aa52e9c50dd395d5ca",
                "shasum": ""
            },
            "require": {
                "phpixie/slice": "~3.0",
                "psr/log": "~1.0.2"
            },
            "require-dev": {
                "phpixie/test": "~3.2"
            },
            "suggest": {
                "mongodb/mongodb": "Required for MongoDB support"
            },
            "type": "library",
            "extra": {
                "branch-alias": {
                    "dev-master": "3.x-dev"
                }
            },
            "autoload": {
                "psr-4": {
                    "PHPixie\\": "src/PHPixie",
                    "PHPixie\\Tests\\": "tests/PHPixie/Tests"
                }
            },
            "notification-url": "https://packagist.org/downloads/",
            "license": [
                "BSD-3-Clause"
            ],
            "authors": [
                {
                    "name": "Roman Tsiupa",
                    "email": "draconyster@gmail.com",
                    "homepage": "http://dracony.org"
                }
            ],
            "description": "PHPixie Database library",
            "homepage": "http://phpixie.com",
            "keywords": [
                "database",
                "mysql",
                "postgresql",
                "sqlite"
            ],
            "time": "2019-12-25T22:34:42+00:00"
        },
        {
            "name": "phpixie/orm",
            "version": "3.19",
            "source": {
                "type": "git",
                "url": "https://github.com/PHPixie/ORM.git",
                "reference": "95d6fb0060bb4d724f630ef20e4271b824ba66ab"
            },
            "dist": {
                "type": "zip",
                "url": "https://api.github.com/repos/PHPixie/ORM/zipball/95d6fb0060bb4d724f630ef20e4271b824ba66ab",
                "reference": "95d6fb0060bb4d724f630ef20e4271b824ba66ab",
                "shasum": ""
            },
            "require": {
                "phpixie/database": "~3.11",
                "phpixie/slice": "~3.0"
            },
            "require-dev": {
                "phpixie/test": "~3.2"
            },
            "type": "library",
            "extra": {
                "branch-alias": {
                    "dev-master": "3.x-dev"
                }
            },
            "autoload": {
                "psr-4": {
                    "PHPixie\\": "src/PHPixie",
                    "PHPixie\\Tests\\": "tests/PHPixie/Tests"
                }
            },
            "notification-url": "https://packagist.org/downloads/",
            "license": [
                "BSD-3-Clause"
            ],
            "authors": [
                {
                    "name": "Roman Tsiupa",
                    "email": "draconyster@gmail.com",
                    "homepage": "http://dracony.org"
                }
            ],
            "description": "ORM library for PHPixie",
            "homepage": "http://phpixie.com",
            "keywords": [
                "database",
                "orm"
            ],
            "time": "2019-12-25T23:21:19+00:00"
        },
        {
            "name": "phpixie/slice",
            "version": "3.2.3",
            "source": {
                "type": "git",
                "url": "https://github.com/PHPixie/Slice.git",
                "reference": "4435da2e2f877b899380c64c86e1bd55795c615c"
            },
            "dist": {
                "type": "zip",
                "url": "https://api.github.com/repos/PHPixie/Slice/zipball/4435da2e2f877b899380c64c86e1bd55795c615c",
                "reference": "4435da2e2f877b899380c64c86e1bd55795c615c",
                "shasum": ""
            },
            "require-dev": {
                "phpixie/test": "~3.0"
            },
            "type": "library",
            "extra": {
                "branch-alias": {
                    "dev-master": "3.x-dev"
                }
            },
            "autoload": {
                "psr-4": {
                    "PHPixie\\": "src/PHPixie",
                    "PHPixie\\Tests\\": "tests/PHPixie/Tests"
                }
            },
            "notification-url": "https://packagist.org/downloads/",
            "license": [
                "BSD"
            ],
            "authors": [
                {
                    "name": "Roman Tsiupa",
                    "email": "draconyster@gmail.com",
                    "homepage": "http://dracony.org"
                }
            ],
            "description": "Slice library for PHPixie",
            "homepage": "http://phpixie.com",
            "keywords": [
                "array",
                "data",
                "parameters"
            ],
            "time": "2016-06-12T08:07:30+00:00"
        },
        {
            "name": "psr/log",
            "version": "1.0.2",
            "source": {
                "type": "git",
                "url": "https://github.com/php-fig/log.git",
                "reference": "4ebe3a8bf773a19edfe0a84b6585ba3d401b724d"
            },
            "dist": {
                "type": "zip",
                "url": "https://api.github.com/repos/php-fig/log/zipball/4ebe3a8bf773a19edfe0a84b6585ba3d401b724d",
                "reference": "4ebe3a8bf773a19edfe0a84b6585ba3d401b724d",
                "shasum": ""
            },
            "require": {
                "php": ">=5.3.0"
            },
            "type": "library",
            "extra": {
                "branch-alias": {
                    "dev-master": "1.0.x-dev"
                }
            },
            "autoload": {
                "psr-4": {
                    "Psr\\Log\\": "Psr/Log/"
                }
            },
            "notification-url": "https://packagist.org/downloads/",
            "license": [
                "MIT"
            ],
            "authors": [
                {
                    "name": "PHP-FIG",
                    "homepage": "http://www.php-fig.org/"
                }
            ],
            "description": "Common interface for logging libraries",
            "homepage": "https://github.com/php-fig/log",
            "keywords": [
                "log",
                "psr",
                "psr-3"
            ],
            "time": "2016-10-10T12:19:37+00:00"
        }
    ],
    "packages-dev": [],
    "aliases": [],
    "minimum-stability": "stable",
    "stability-flags": [],
    "prefer-stable": false,
    "prefer-lowest": false,
    "platform": [],
    "platform-dev": []
}
