{
    "_readme": [
        "This file locks the dependencies of your project to a known state",
        "Read more about it at https://getcomposer.org/doc/01-basic-usage.md#installing-dependencies",
        "This file is @generated automatically"
    ],
    "content-hash": "a4ab2753d37a9e02b48b640e50620b56",
    "packages": [
        {
            "name": "atlas/mapper",
            "version": "1.3.1",
            "source": {
                "type": "git",
                "url": "https://github.com/atlasphp/Atlas.Mapper.git",
                "reference": "b01748845fc17d0785065a7f48d1d63cd1e378f8"
            },
            "dist": {
                "type": "zip",
                "url": "https://api.github.com/repos/atlasphp/Atlas.Mapper/zipball/b01748845fc17d0785065a7f48d1d63cd1e378f8",
                "reference": "b01748845fc17d0785065a7f48d1d63cd1e378f8",
                "shasum": ""
            },
            "require": {
                "atlas/table": "~1.0",
                "php": ">=7.1.0"
            },
            "require-dev": {
                "atlas/testing": "~1.0",
                "pds/skeleton": "~1.0",
                "phpunit/phpunit": "~7.0"
            },
            "type": "library",
            "autoload": {
                "psr-4": {
                    "Atlas\\Mapper\\": "src/"
                }
            },
            "notification-url": "https://packagist.org/downloads/",
            "license": [
                "MIT"
            ],
            "authors": [
                {
                    "name": "Atlas Contributors",
                    "homepage": "https://github.com/atlasphp/Atlas.Mapper/contributors"
                }
            ],
            "description": "A data mapper for the persistence model.",
            "homepage": "http://github.com/atlasphp/Atlas.Mapper",
            "keywords": [
                "data",
                "mapper",
                "mapping",
                "orm",
                "sql"
            ],
            "time": "2019-12-23T15:14:56+00:00"
        },
        {
            "name": "atlas/orm",
            "version": "3.1.0",
            "source": {
                "type": "git",
                "url": "https://github.com/atlasphp/Atlas.Orm.git",
                "reference": "3957c1880cf60d722b51f3152e966e19346049de"
            },
            "dist": {
                "type": "zip",
                "url": "https://api.github.com/repos/atlasphp/Atlas.Orm/zipball/3957c1880cf60d722b51f3152e966e19346049de",
                "reference": "3957c1880cf60d722b51f3152e966e19346049de",
                "shasum": ""
            },
            "require": {
                "atlas/mapper": "~1.0",
                "php": ">=7.1.0"
            },
            "require-dev": {
                "atlas/testing": "~1.0",
                "pds/skeleton": "~1.0",
                "phpunit/phpunit": "~7.0"
            },
            "suggest": {
                "atlas/cli": "A command-line tool to build skeleton classes."
            },
            "type": "library",
            "autoload": {
                "psr-4": {
                    "Atlas\\Orm\\": "src/"
                }
            },
            "notification-url": "https://packagist.org/downloads/",
            "license": [
                "MIT"
            ],
            "authors": [
                {
                    "name": "Atlas Contributors",
                    "homepage": "https://github.com/atlasphp/Atlas.Orm/contributors"
                }
            ],
            "description": "An ORM for your persistence model (not your domain model).",
            "homepage": "http://github.com/atlasphp/Atlas.Orm",
            "keywords": [
                "data",
                "mapper",
                "mapping",
                "orm",
                "sql"
            ],
            "time": "2018-08-08T16:02:30+00:00"
        },
        {
            "name": "atlas/pdo",
            "version": "1.1.2",
            "source": {
                "type": "git",
                "url": "https://github.com/atlasphp/Atlas.Pdo.git",
                "reference": "69b7c968b6c685043d215c1ddbe48e526a73ca80"
            },
            "dist": {
                "type": "zip",
                "url": "https://api.github.com/repos/atlasphp/Atlas.Pdo/zipball/69b7c968b6c685043d215c1ddbe48e526a73ca80",
                "reference": "69b7c968b6c685043d215c1ddbe48e526a73ca80",
                "shasum": ""
            },
            "require": {
                "php": ">=7.1"
            },
            "require-dev": {
                "pds/skeleton": "~1.0",
                "phpunit/phpunit": "~7.0"
            },
            "type": "library",
            "autoload": {
                "psr-4": {
                    "Atlas\\Pdo\\": "src/"
                }
            },
            "notification-url": "https://packagist.org/downloads/",
            "license": [
                "MIT"
            ],
            "authors": [
                {
                    "name": "Atlas.Pdo Contributors",
                    "homepage": "https://github.com/atlasphp/Atlas.Pdo/contributors"
                }
            ],
            "description": "Provides a PDO instance decorator with convenience methods, and a connection manager.",
            "homepage": "https://github.com/atlasphp/Atlas.Pdo",
            "keywords": [
                "Connection",
                "database",
                "pdo",
                "sql"
            ],
            "time": "2019-12-23T15:09:02+00:00"
        },
        {
            "name": "atlas/query",
            "version": "1.3.0",
            "source": {
                "type": "git",
                "url": "https://github.com/atlasphp/Atlas.Query.git",
                "reference": "a52a643b257d9d94b153df3cb2c4253f9c31cdca"
            },
            "dist": {
                "type": "zip",
                "url": "https://api.github.com/repos/atlasphp/Atlas.Query/zipball/a52a643b257d9d94b153df3cb2c4253f9c31cdca",
                "reference": "a52a643b257d9d94b153df3cb2c4253f9c31cdca",
                "shasum": ""
            },
            "require": {
                "atlas/pdo": "~1.0",
                "php": ">=7.1"
            },
            "require-dev": {
                "pds/skeleton": "~1.0",
                "phpunit/phpunit": "~7.0"
            },
            "type": "library",
            "autoload": {
                "psr-4": {
                    "Atlas\\Query\\": "src/"
                }
            },
            "notification-url": "https://packagist.org/downloads/",
            "license": [
                "MIT"
            ],
            "authors": [
                {
                    "name": "Atlas.Query Contributors",
                    "homepage": "https://github.com/atlasphp/Atlas.Query/contributors"
                }
            ],
            "description": "Object-oriented query builders for MySQL, Postgres, SQLite, and SQLServer.",
            "homepage": "https://github.com/atlasphp/Atlas.Query",
            "keywords": [
                "database",
                "db",
                "delete",
                "dml",
                "insert",
                "mysql",
                "pdo",
                "pgsql",
                "postgres",
                "postgresql",
                "query",
                "select",
                "sql",
                "sql server",
                "sqlite",
                "sqlserver",
                "update"
            ],
            "time": "2019-12-13T18:01:15+00:00"
        },
        {
            "name": "atlas/table",
            "version": "1.3.0",
            "source": {
                "type": "git",
                "url": "https://github.com/atlasphp/Atlas.Table.git",
                "reference": "4c82ae75df1b04d7afadeab5ae0b421f7c8941d7"
            },
            "dist": {
                "type": "zip",
                "url": "https://api.github.com/repos/atlasphp/Atlas.Table/zipball/4c82ae75df1b04d7afadeab5ae0b421f7c8941d7",
                "reference": "4c82ae75df1b04d7afadeab5ae0b421f7c8941d7",
                "shasum": ""
            },
            "require": {
                "atlas/pdo": "~1.0",
                "atlas/query": "~1.0",
                "php": ">=7.1.0"
            },
            "require-dev": {
                "atlas/testing": "~1.0",
                "pds/skeleton": "~1.0",
                "phpunit/phpunit": "~7.0"
            },
            "suggest": {
                "atlas/cli": "A command-line tool to build skeleton classes."
            },
            "type": "library",
            "autoload": {
                "psr-4": {
                    "Atlas\\Table\\": "src/"
                }
            },
            "notification-url": "https://packagist.org/downloads/",
            "license": [
                "MIT"
            ],
            "authors": [
                {
                    "name": "Atlas Contributors",
                    "homepage": "https://github.com/atlasphp/Atlas.Table/contributors"
                }
            ],
            "description": "Table data gateway implementation for Atlas.",
            "homepage": "http://github.com/atlasphp/Atlas.Table",
            "keywords": [
                "data",
                "gateway",
                "mapper",
                "mapping",
                "orm",
                "sql",
                "table"
            ],
            "time": "2019-03-10T15:22:23+00:00"
        }
    ],
    "packages-dev": [
        {
            "name": "atlas/cli",
            "version": "2.2.1",
            "source": {
                "type": "git",
                "url": "https://github.com/atlasphp/Atlas.Cli.git",
                "reference": "e307cc1ab1b81bb32a30507f76906029f4ce5153"
            },
            "dist": {
                "type": "zip",
                "url": "https://api.github.com/repos/atlasphp/Atlas.Cli/zipball/e307cc1ab1b81bb32a30507f76906029f4ce5153",
                "reference": "e307cc1ab1b81bb32a30507f76906029f4ce5153",
                "shasum": ""
            },
            "require": {
                "atlas/info": "~1.0",
                "atlas/mapper": "~1.0",
                "php": ">=7.1.0",
                "psr/log": "~1.0"
            },
            "require-dev": {
                "pds/skeleton": "~1.0",
                "phpunit/phpunit": "~7.0"
            },
            "bin": [
                "bin/atlas-skeleton.php"
            ],
            "type": "library",
            "autoload": {
                "psr-4": {
                    "Atlas\\Cli\\": "src/"
                }
            },
            "notification-url": "https://packagist.org/downloads/",
            "license": [
                "MIT"
            ],
            "authors": [
                {
                    "name": "Atlas.Cli Contributors",
                    "homepage": "https://github.com/atlasphp/Atlas.Cli/contributors"
                }
            ],
            "description": "Command-line interface for Atlas.",
            "homepage": "http://github.com/atlasphp/Atlas.Cli",
            "keywords": [
                "data",
                "mapper",
                "mapping",
                "orm",
                "sql"
            ],
            "time": "2019-01-22T15:57:16+00:00"
        },
        {
            "name": "atlas/info",
            "version": "1.2.0",
            "source": {
                "type": "git",
                "url": "https://github.com/atlasphp/Atlas.Info.git",
                "reference": "6c198cc63b19950d25d009e2d7679449407b8183"
            },
            "dist": {
                "type": "zip",
                "url": "https://api.github.com/repos/atlasphp/Atlas.Info/zipball/6c198cc63b19950d25d009e2d7679449407b8183",
                "reference": "6c198cc63b19950d25d009e2d7679449407b8183",
                "shasum": ""
            },
            "require": {
                "atlas/pdo": "~1.0",
                "php": ">=7.1"
            },
            "require-dev": {
                "pds/skeleton": "~1.0",
                "phpunit/phpunit": "~7.0"
            },
            "type": "library",
            "autoload": {
                "psr-4": {
                    "Atlas\\Info\\": "src/"
                }
            },
            "notification-url": "https://packagist.org/downloads/",
            "license": [
                "MIT"
            ],
            "description": "Uses an Atlas.Pdo connection to discover schema information.",
            "homepage": "https://github.com/atlasphp/Atlas.Info",
            "keywords": [
                "database",
                "db",
                "ddl",
                "schema",
                "sql"
            ],
            "time": "2019-01-22T22:17:54+00:00"
        },
        {
            "name": "psr/log",
            "version": "1.1.2",
            "source": {
                "type": "git",
                "url": "https://github.com/php-fig/log.git",
                "reference": "446d54b4cb6bf489fc9d75f55843658e6f25d801"
            },
            "dist": {
                "type": "zip",
                "url": "https://api.github.com/repos/php-fig/log/zipball/446d54b4cb6bf489fc9d75f55843658e6f25d801",
                "reference": "446d54b4cb6bf489fc9d75f55843658e6f25d801",
                "shasum": ""
            },
            "require": {
                "php": ">=5.3.0"
            },
            "type": "library",
            "extra": {
                "branch-alias": {
                    "dev-master": "1.1.x-dev"
                }
            },
            "autoload": {
                "psr-4": {
                    "Psr\\Log\\": "Psr/Log/"
                }
            },
            "notification-url": "https://packagist.org/downloads/",
            "license": [
                "MIT"
            ],
            "authors": [
                {
                    "name": "PHP-FIG",
                    "homepage": "http://www.php-fig.org/"
                }
            ],
            "description": "Common interface for logging libraries",
            "homepage": "https://github.com/php-fig/log",
            "keywords": [
                "log",
                "psr",
                "psr-3"
            ],
            "time": "2019-11-01T11:05:21+00:00"
        }
    ],
    "aliases": [],
    "minimum-stability": "stable",
    "stability-flags": [],
    "prefer-stable": false,
    "prefer-lowest": false,
    "platform": [],
    "platform-dev": []
}
